GEM
  remote: https://rubygems.org/
  specs:
    activesupport (7.0.2.4)
      concurrent-ruby (~> 1.0, >= 1.0.2)
      i18n (>= 1.6, < 2)
      minitest (>= 5.1)
      tzinfo (~> 2.0)
    addressable (2.8.0)
      public_suffix (>= 2.0.2, < 5.0)
    algolia (2.3.4)
      faraday (>= 0.15, < 3)
      faraday-net_http_persistent (>= 0.15, < 3)
      multi_json (~> 1.0)
      net-http-persistent
    arr-pm (0.0.11)
      cabin (> 0)
    asciidoctor (2.0.17)
    asciimath (2.0.4)
    asciimath2unitsml (0.4.2)
      asciimath
      htmlentities
      nokogiri (~> 1.12)
      rsec (~> 1.0.0)
    base64 (0.3.0)
    bibtex-ruby (6.0.0)
      latex-decode (~> 0.0)
    bigdecimal (4.1.2)
    cabin (0.9.0)
    camertron-eprun (1.1.1)
    canon (0.1.3)
      compare-xml
      diffy
      json
      nokogiri
    cldr-plurals-runtime-rb (1.1.0)
    cliver (0.3.2)
    cnccs (0.1.6)
    coderay (1.1.3)
    compare-xml (0.66)
      nokogiri (~> 1.8)
    concurrent-ruby (1.1.10)
    connection_pool (2.2.5)
    css_parser (1.11.0)
      addressable
    csv (3.2.3)
    date (3.2.2)
    descriptive_statistics (2.5.1)
    diffy (3.4.4)
    domain_name (0.5.20190701)
      unf (>= 0.0.5, < 1.0.0)
    down (5.3.1)
      addressable (~> 2.8)
    emf2svg (1.3.0-arm64-darwin)
      ffi (~> 1.0)
    emf2svg (1.3.0-x86_64-linux)
      ffi (~> 1.0)
    excavate (0.3.0)
      arr-pm (~> 0.0)
      ffi-libarchive-binary (~> 0.0)
      libmspack (~> 0.1)
      ruby-ole (~> 1.0)
      rubyzip (~> 2.3)
      seven_zip_ruby (~> 1.0)
      thor (~> 1.0)
    expressir (1.2.3)
      rice (~> 4.0.3)
      thor (~> 1.0)
    expressir (1.2.3-arm64-darwin)
      thor (~> 1.0)
    extract_ttc (0.1.0)
      ffi
    faraday (2.7.12)
      base64
      faraday-net_http (>= 2.0, < 3.1)
      ruby2_keywords (>= 0.0.4)
    faraday-follow_redirects (0.5.0)
      faraday (>= 1, < 3)
    faraday-net_http (3.0.2)
    faraday-net_http_persistent (2.3.1)
      faraday (~> 2.5)
      net-http-persistent (>= 4.0.4, < 5)
    ffi (1.15.5)
    ffi-compiler2 (2.0.1)
      ffi (>= 1.0.0)
      rake
    ffi-libarchive (1.1.3)
      ffi (~> 1.0)
    ffi-libarchive-binary (0.2.5-arm64-darwin)
      ffi-libarchive (~> 1.0)
    ffi-libarchive-binary (0.2.5-x86_64-linux)
      ffi-libarchive (~> 1.0)
    fiber-storage (1.0.1)
    fontist (1.14.1)
      down (~> 5.0)
      excavate (~> 0.1)
      extract_ttc (~> 0.1)
      git (~> 1.0)
      mime-types (~> 3.0)
      nokogiri (~> 1.0)
      plist (~> 3.0)
      socksify
      sys-uname (~> 1.2)
      thor (~> 1.0.1)
      ttfunk (~> 1.6)
    gb-agencies (0.0.7)
    git (1.11.0)
      rchardet (~> 1.8)
    graphql (2.6.1)
      base64
      fiber-storage
      logger
    graphql-client (0.26.0)
      activesupport (>= 3.0)
      graphql (>= 1.13.0)
    hashie (4.1.0)
    hollaback (0.1.1)
    html2doc (1.4.5)
      asciimath (~> 2.0.2)
      htmlentities (~> 4.3.4)
      image_size (>= 3.2.0)
      mime-types
      nokogiri (~> 1.13)
      plane1converter (~> 0.0.1)
      thread_safe
      uuidtools
    htmlentities (4.3.4)
    http-cookie (1.0.8)
      domain_name (~> 0.5)
    i18n (1.10.0)
      concurrent-ruby (~> 1.0)
    ieee-idams (0.2.14)
      lutaml-model (~> 0.7)
      nokogiri
      thor
    iev (0.3.0)
      nokogiri (~> 1.12)
    image_size (3.5.0)
    iso-639 (0.3.5)
    iso639 (1.3.2)
    isodoc (2.1.5)
      asciimath
      emf2svg
      html2doc (~> 1.4.1)
      htmlentities (~> 4.3.4)
      isodoc-i18n (~> 1.0.0)
      liquid (~> 4)
      mathml2asciimath
      metanorma-utils
      relaton-cli
      relaton-render (>= 0.3.1)
      roman-numerals
      thread_safe
      twitter_cldr (>= 6.6.0)
      uuidtools
    isodoc-i18n (1.0.4)
      htmlentities (~> 4.3.4)
      metanorma-utils (~> 1.2.8)
      twitter_cldr
    isoics (0.1.11)
    json (2.19.5)
    latex-decode (0.3.2)
    latexmath (0.1.5)
      htmlentities (~> 4.3)
      ox (~> 2.13)
    libmspack (0.10.1.2)
      ffi
      ffi-compiler2 (>= 2.0.0)
    lightly (0.4.0)
    liquid (4.0.3)
    loc_mods (0.2.7)
      lutaml-model (~> 0.5)
      nokogiri
      thor
    logger (1.7.0)
    lutaml (0.7.4)
      lutaml-express
      lutaml-uml
      lutaml-xmi
      nokogiri (~> 1.10)
      thor (~> 1.0)
    lutaml-express (0.2.1)
      expressir (~> 1.2)
    lutaml-hal (0.1.10)
      faraday (~> 2.0)
      faraday-follow_redirects (~> 0.3)
      lutaml-model
      rainbow (~> 3.0)
    lutaml-model (0.8.5)
      base64
      bigdecimal
      canon
      concurrent-ruby
      liquid (>= 4.0, < 6.0)
      moxml (>= 0.1.16)
      ostruct
      rubyzip (~> 2.3)
      thor
    lutaml-uml (0.4.3)
      hashie (~> 4.1.0)
      nokogiri (~> 1.10)
      parslet (~> 2.0.0)
      ruby-graphviz (~> 1.2)
      thor (~> 1.0)
    lutaml-xmi (0.2.3)
      hashie (~> 4.1.0)
      htmlentities
      lutaml-uml
      nokogiri (~> 1.10)
      thor (~> 1.0)
    marcel (1.0.2)
    mathml2asciimath (0.0.13)
      htmlentities (~> 4.3.4)
      nokogiri (~> 1.12)
    mechanize (2.14.0)
      addressable (~> 2.8)
      base64
      domain_name (~> 0.5, >= 0.5.20190701)
      http-cookie (~> 1.0, >= 1.0.3)
      mime-types (~> 3.3)
      net-http-digest_auth (~> 1.4, >= 1.4.1)
      net-http-persistent (>= 2.5.2, < 5.0.dev)
      nkf
      nokogiri (~> 1.11, >= 1.11.2)
      rubyntlm (~> 0.6, >= 0.6.3)
      webrick (~> 1.7)
      webrobots (~> 0.1.2)
    metanorma (1.4.7.1)
      asciidoctor
      fontist (>= 1.14)
      htmlentities
      metanorma-utils (~> 1.2.0)
      mn2pdf (~> 1)
      nokogiri
      pry
    metanorma-bipm (2.1.5)
      metanorma-generic (~> 2.1.0)
      metanorma-iso (~> 2.1.0)
    metanorma-cc (2.1.5)
      metanorma-generic (~> 2.1.1)
    metanorma-cli (1.5.20)
      git (~> 1.5)
      isodoc (>= 2.1.1)
      metanorma (~> 1.4.0)
      metanorma-bipm (~> 2.1.0)
      metanorma-cc (~> 2.1.0)
      metanorma-csa (~> 2.1.0)
      metanorma-generic (~> 2.1.0)
      metanorma-iec (~> 2.1.0)
      metanorma-ieee (~> 0.0.1)
      metanorma-ietf (~> 3.0.0)
      metanorma-iho (~> 0.6.0)
      metanorma-iso (~> 2.1.0)
      metanorma-itu (~> 2.1.0)
      metanorma-m3aawg (~> 2.1.0)
      metanorma-ogc (~> 2.1.0)
      metanorma-standoc (~> 2.1.1)
      metanorma-un (~> 0.9.0)
      mnconvert
      relaton-cli (>= 0.8.2)
      socksify
      thor (~> 1.0)
    metanorma-csa (2.1.5)
      metanorma-generic (~> 2.1.1)
    metanorma-generic (2.1.3)
      htmlentities (~> 4.3.4)
      metanorma-standoc (~> 2.1.0)
      ruby-jing
    metanorma-iec (2.1.5)
      metanorma-iso (~> 2.1.1)
      ruby-jing
    metanorma-ieee (0.0.3)
      metanorma-standoc (~> 2.1.0)
    metanorma-ietf (3.0.8)
      mathml2asciimath
      metanorma-ietf-data
      metanorma-standoc (~> 2.1.0)
    metanorma-ietf-data (0.2.0)
    metanorma-iho (0.6.5)
      metanorma-generic (~> 2.1.1)
    metanorma-iso (2.1.5)
      metanorma-standoc (~> 2.1.0)
      mnconvert (~> 1.14)
      ruby-jing
      tokenizer (~> 0.3.0)
      twitter_cldr
    metanorma-itu (2.1.5.1)
      htmlentities (~> 4.3.4)
      metanorma-standoc (~> 2.1.0)
      ruby-jing
      twitter_cldr (>= 3.0.0)
      tzinfo-data
    metanorma-m3aawg (2.1.5)
      htmlentities (~> 4.3.4)
      metanorma-generic (~> 2.1.1)
      thread_safe
    metanorma-ogc (2.1.5)
      iso-639
      metanorma-standoc (~> 2.1.0)
    metanorma-plugin-datastruct (0.2.0)
      asciidoctor (~> 2.0.0)
      isodoc
      liquid (~> 4)
      relaton-cli
    metanorma-plugin-lutaml (0.4.15)
      liquid
      lutaml
      metanorma
      relaton-cli
      reverse_adoc
    metanorma-standoc (2.1.2)
      asciidoctor (~> 2.0.0)
      asciimath2unitsml (~> 0.4.0)
      concurrent-ruby
      iev (~> 0.3.0)
      isodoc (~> 2.1.0)
      latexmath
      mathml2asciimath
      metanorma-plugin-datastruct (~> 0.2.0)
      metanorma-plugin-lutaml
      metanorma-utils (~> 1.2.8)
      relaton-cli (~> 1.9.0)
      relaton-iev (~> 1.1.0)
      ruby-jing
      unicode2latex (~> 0.0.1)
    metanorma-un (0.9.5)
      iso-639
      metanorma-standoc (~> 2.1.0)
      roman-numerals
      twitter_cldr
    metanorma-utils (1.2.8)
      asciidoctor (~> 2.0.0)
      concurrent-ruby
      htmlentities (~> 4.3.4)
      marcel (~> 1.0.0)
      mime-types
      nokogiri (~> 1.11)
      sterile (~> 1.0.14)
      uuidtools
    method_source (1.0.0)
    mime-types (3.4.1)
      mime-types-data (~> 3.2015)
    mime-types-data (3.2022.0105)
    mini_portile2 (2.8.9)
    minitest (5.15.0)
    mn2pdf (1.41.1)
    mnconvert (1.16.0)
    moxml (0.1.20)
    multi_json (1.15.0)
    net-ftp (0.1.3)
      net-protocol
      time
    net-http-digest_auth (1.4.1)
    net-http-persistent (4.0.8)
      connection_pool (>= 2.2.4, < 4)
    net-protocol (0.1.3)
      timeout
    nkf (0.2.0)
    nokogiri (1.19.3-arm64-darwin)
      racc (~> 1.4)
    nokogiri (1.19.3-x86_64-linux-gnu)
      racc (~> 1.4)
    nokogiri-styles (0.1.2)
      nokogiri
    openssl (3.3.2)
    optout (0.0.2)
    ostruct (0.6.3)
    ox (2.14.11)
    parslet (2.0.0)
    plane1converter (0.0.1)
    plist (3.6.0)
    premailer (1.11.1)
      addressable
      css_parser (>= 1.6.0)
      htmlentities (>= 4.0.0)
    pry (0.14.1)
      coderay (~> 1.1)
      method_source (~> 1.0)
    psych (5.2.6)
      date
      stringio
    pubid (1.15.17)
      pubid-bsi (= 1.15.17)
      pubid-ccsds (= 1.15.17)
      pubid-cen (= 1.15.17)
      pubid-core (= 1.15.17)
      pubid-etsi (= 1.15.17)
      pubid-iec (= 1.15.17)
      pubid-ieee (= 1.15.17)
      pubid-iho (= 1.15.17)
      pubid-iso (= 1.15.17)
      pubid-itu (= 1.15.17)
      pubid-jis (= 1.15.17)
      pubid-nist (= 1.15.17)
      pubid-plateau (= 1.15.17)
    pubid-bsi (1.15.17)
      parslet
      pubid-cen (= 1.15.17)
      pubid-core (= 1.15.17)
      pubid-iec (= 1.15.17)
      pubid-iso (= 1.15.17)
    pubid-ccsds (1.15.17)
      parslet
      pubid-core (= 1.15.17)
    pubid-cen (1.15.17)
      parslet
      pubid-core (= 1.15.17)
      pubid-iec (= 1.15.17)
      pubid-iso (= 1.15.17)
    pubid-core (1.15.17)
      parslet
    pubid-etsi (1.15.17)
      parslet
      pubid-core (= 1.15.17)
    pubid-iec (1.15.17)
      parslet
      pubid-core (= 1.15.17)
    pubid-ieee (1.15.17)
      parslet (~> 2.0.0)
      pubid-iso (= 1.15.17)
    pubid-iho (1.15.17)
      parslet
      pubid-core (= 1.15.17)
    pubid-iso (1.15.17)
      parslet
      pubid-core (= 1.15.17)
    pubid-itu (1.15.17)
      parslet
      pubid-core (= 1.15.17)
    pubid-jis (1.15.17)
      parslet
      pubid-core (= 1.15.17)
    pubid-nist (1.15.17)
      lightly
      nokogiri
      parslet
      pubid-core (= 1.15.17)
      rubyzip
      thor
    pubid-plateau (1.15.17)
      parslet
      pubid-core (= 1.15.17)
    public_suffix (4.0.7)
    racc (1.8.1)
    rainbow (3.1.1)
    rake (13.0.6)
    rchardet (1.8.0)
    relaton (1.20.2)
      relaton-3gpp (~> 1.20.0)
      relaton-bipm (~> 1.20.0)
      relaton-bsi (~> 1.20.0)
      relaton-calconnect (~> 1.20.0)
      relaton-ccsds (~> 1.20.2)
      relaton-cen (~> 1.20.0)
      relaton-cie (~> 1.20.0)
      relaton-doi (~> 1.20.0)
      relaton-ecma (~> 1.20.0)
      relaton-etsi (~> 1.20.0)
      relaton-gb (~> 1.20.0)
      relaton-iana (~> 1.20.0)
      relaton-iec (~> 1.20.3)
      relaton-ieee (~> 1.20.0)
      relaton-ietf (~> 1.20.0)
      relaton-iho (~> 1.20.0)
      relaton-isbn (~> 1.20.0)
      relaton-iso (~> 1.20.0)
      relaton-itu (~> 1.20.0)
      relaton-jis (~> 1.20.0)
      relaton-nist (~> 1.20.0)
      relaton-oasis (~> 1.20.0)
      relaton-ogc (~> 1.20.0)
      relaton-omg (~> 1.20.0)
      relaton-plateau (~> 1.20.0)
      relaton-un (~> 1.20.0)
      relaton-w3c (~> 1.20.0)
      relaton-xsf (~> 1.20.0)
    relaton-3gpp (1.20.1)
      csv
      net-ftp (~> 0.1.0)
      relaton-bib (~> 1.20.0)
      relaton-index (~> 0.2.0)
    relaton-bib (1.20.8)
      addressable
      bibtex-ruby
      htmlentities
      iso639
      nokogiri (~> 1.18)
      relaton-logger (~> 0.2.0)
    relaton-bipm (1.20.4)
      faraday (~> 2.7.0)
      mechanize (~> 2.10)
      parslet (~> 2.0.0)
      relaton-bib (~> 1.20.0)
      relaton-index (~> 0.2.2)
      rubyzip (~> 2.3.0)
    relaton-bsi (1.20.2)
      algolia (~> 2.3.0)
      faraday-net_http_persistent (~> 2.0)
      graphql (~> 2.3)
      graphql-client (~> 0.23)
      relaton-iso-bib (~> 1.20.0)
    relaton-calconnect (1.20.1)
      faraday (~> 2.7.0)
      relaton-bib (~> 1.20.0)
      relaton-index (~> 0.2.0)
    relaton-ccsds (1.20.3)
      mechanize (~> 2.10)
      pubid-ccsds (~> 1.15.0)
      relaton-bib (~> 1.20.0)
      relaton-index (~> 0.2.17)
    relaton-cen (1.20.3)
      mechanize (~> 2.10)
      relaton-iso-bib (~> 1.20.0)
    relaton-cie (1.20.1)
      mechanize (~> 2.10)
      parslet (~> 2.0.0)
      relaton-bib (~> 1.20.0)
      relaton-index (~> 0.2.0)
    relaton-cli (1.9.5)
      liquid (~> 4)
      relaton (>= 1.9.8)
      thor
      thor-hollaback
    relaton-core (0.0.13)
      nokogiri (>= 1.16)
      psych (~> 5.2.0)
      relaton-logger (~> 0.2.0)
    relaton-doi (1.20.2)
      faraday (~> 2.7)
      relaton-bib (~> 1.20.0)
      relaton-bipm (~> 1.20.0)
      relaton-ieee (~> 1.20.0)
      relaton-ietf (~> 1.20.0)
      relaton-nist (~> 1.20.0)
    relaton-ecma (1.20.3)
      mechanize (~> 2.10)
      relaton-bib (~> 1.20.0)
      relaton-index (~> 0.2.4)
    relaton-etsi (1.20.2)
      csv (~> 3.0)
      mechanize (~> 2.8)
      relaton-bib (~> 1.20.0)
      relaton-index (~> 0.2.7)
    relaton-gb (1.20.0)
      cnccs (~> 0.1.1)
      csv (~> 3.0)
      gb-agencies (~> 0.0.1)
      mechanize (~> 2.10)
      relaton-iso-bib (~> 1.20.0)
    relaton-iana (1.20.0)
      faraday (~> 2.7.0)
      relaton-bib (~> 1.20.0)
      relaton-index (~> 0.2.0)
    relaton-iec (1.20.4)
      addressable
      base64
      mechanize (~> 2.8)
      pubid-iec (~> 1.15.4)
      relaton-index (~> 0.2.0)
      relaton-iso-bib (~> 1.20.0)
      rubyzip
    relaton-ieee (1.20.3)
      faraday (~> 2.7.0)
      ieee-idams (~> 0.2.14)
      mini_portile2 (~> 2.8.0)
      relaton-bib (~> 1.20.0)
      relaton-index (~> 0.2.0)
      rubyzip (~> 2.3.0)
    relaton-ietf (1.20.0)
      base64
      relaton-bib (~> 1.20.0)
      relaton-index (~> 0.2.3)
    relaton-iev (1.1.6)
      htmlentities (~> 4.3.4)
      nokogiri (>= 1.14.0)
      relaton (>= 1.6)
    relaton-iho (1.20.4)
      base64
      relaton-bib (~> 1.20.0)
      relaton-index (~> 0.2.0)
    relaton-index (0.2.21)
      openssl (~> 3.3.2)
      pubid-core (~> 1.15.6)
      relaton-logger (~> 0.2.0)
      rubyzip (~> 2.3.0)
    relaton-isbn (1.20.1)
      relaton-bib (~> 1.20.0)
    relaton-iso (1.20.2)
      openssl (>= 3.3.2)
      pubid-iso (~> 1.15.0)
      relaton-index (~> 0.2.17)
      relaton-iso-bib (~> 1.20.0)
    relaton-iso-bib (1.20.0)
      isoics (~> 0.1.6)
      relaton-bib (~> 1.20.0)
    relaton-itu (1.20.5)
      mechanize (~> 2.10)
      parslet (~> 2.0.0)
      relaton-bib (~> 1.20.0)
      relaton-core (~> 0.0.6)
      relaton-index (~> 0.2.0)
    relaton-jis (1.20.0)
      mechanize (~> 2.10)
      relaton-index (~> 0.2.0)
      relaton-iso-bib (~> 1.20.0)
    relaton-logger (0.2.4)
      logger (~> 1.6)
    relaton-nist (1.20.4)
      base64
      loc_mods (~> 0.2.0)
      pubid (~> 1.15.0)
      relaton-bib (~> 1.20.0)
      relaton-index (~> 0.2.0)
      rubyzip
    relaton-oasis (1.20.1)
      mechanize (~> 2.10)
      multi_json (~> 1.15.0)
      relaton-bib (~> 1.20.0)
      relaton-index (~> 0.2.0)
    relaton-ogc (1.20.1)
      faraday (~> 2.7.0)
      relaton-index (~> 0.2.0)
      relaton-iso-bib (~> 1.20.0)
    relaton-omg (1.20.1)
      base64
      mechanize (~> 2.8)
      relaton-bib (~> 1.20.0)
    relaton-plateau (1.20.0)
      base64
      relaton-bib (~> 1.20.0)
      relaton-index (~> 0.2.12)
      relaton-logger (~> 0.2.0)
    relaton-render (0.5.0)
      isodoc-i18n
      liquid (~> 4)
      nokogiri
      relaton-bib (>= 1.13.0)
      twitter_cldr
      tzinfo-data
    relaton-un (1.20.1)
      addressable (~> 2.8.0)
      faraday (~> 2.7.0)
      http-cookie (~> 1.0.5)
      relaton-bib (~> 1.20.0)
    relaton-w3c (1.20.1)
      relaton-bib (~> 1.20.0)
      relaton-index (~> 0.2.8)
      w3c_api (~> 0.1.3)
    relaton-xsf (1.20.0)
      mechanize (~> 2.10)
      relaton-bib (~> 1.20.0)
      relaton-index (~> 0.2.0)
    reverse_adoc (0.3.5)
      marcel (~> 1.0.0)
      mathml2asciimath
      nokogiri (~> 1.12)
      premailer (~> 1.11.0)
      word-to-markdown
    reverse_markdown (1.4.0)
      nokogiri
    rexml (3.2.5)
    rice (4.0.4)
    roman-numerals (0.3.0)
    rsec (1.0.0)
    ruby-graphviz (1.2.5)
      rexml
    ruby-jing (0.0.2)
      optout (>= 0.0.2)
    ruby-ole (1.2.12.2)
    ruby2_keywords (0.0.5)
    rubyntlm (0.6.3)
    rubyzip (2.3.2)
    seven_zip_ruby (1.3.0)
    socksify (1.7.1)
    sterile (1.0.23)
      nokogiri (>= 1.11.7)
    stringio (3.2.0)
    structured_csv (0.2.1)
      csv (~> 3.1)
      yaml (~> 0.1)
    sys-proctable (1.2.6)
      ffi
    sys-uname (1.2.2)
      ffi (~> 1.1)
    thor (1.0.1)
    thor-hollaback (0.2.1)
      hollaback (~> 0.1)
      thor (>= 0.19.1)
    thread_safe (0.3.6)
    time (0.2.0)
      date
    timeout (0.2.0)
    tokenizer (0.3.0)
    ttfunk (1.7.0)
    twitter_cldr (6.11.3)
      camertron-eprun
      cldr-plurals-runtime-rb (~> 1.1)
      tzinfo
    tzinfo (2.0.4)
      concurrent-ruby (~> 1.0)
    tzinfo-data (1.2022.1)
      tzinfo (>= 1.0.0)
    unf (0.1.4)
      unf_ext
    unf_ext (0.0.8.1)
    unicode2latex (0.0.6)
    uuidtools (2.2.0)
    w3c_api (0.1.7)
      faraday
      faraday-follow_redirects
      lutaml-hal (~> 0.1.10)
      rainbow
      thor
    webrick (1.7.0)
    webrobots (0.1.2)
    word-to-markdown (1.1.8)
      cliver (~> 0.3)
      descriptive_statistics (~> 2.5)
      nokogiri-styles (~> 0.1)
      premailer (~> 1.8)
      reverse_markdown (~> 1.0)
      sys-proctable (~> 1.0)
    yaml (0.2.0)

PLATFORMS
  arm64-darwin-21
  x86_64-linux

DEPENDENCIES
  metanorma-cli
  structured_csv

BUNDLED WITH
   2.3.7
